
Microsoft Visual Studio Solution File, Format Version 12.00
# Visual Studio Version 17
VisualStudioVersion = 17.0.31903.59
MinimumVisualStudioVersion = 10.0.40219.1
Project("{2150E333-8FDC-42A3-9474-1A3956D46DE8}") = "src", "src", "{116FD2A5-A9BB-429B-B1A4-EDE280B56AE3}"
EndProject
Project("{FAE04EC0-301F-11D3-BF4B-00C04F79EFBC}") = "Damanesign.Sdk", "src\Damanesign.Sdk\Damanesign.Sdk.csproj", "{80C63489-DCA9-4F01-8F60-38D5C4300359}"
EndProject
Project("{2150E333-8FDC-42A3-9474-1A3956D46DE8}") = "tests", "tests", "{591EA886-7DA4-4C0A-A58E-40F1D9BE23BB}"
EndProject
Project("{FAE04EC0-301F-11D3-BF4B-00C04F79EFBC}") = "Damanesign.Sdk.Tests", "tests\Damanesign.Sdk.Tests\Damanesign.Sdk.Tests.csproj", "{2BD6B8E7-94DF-4D4F-B47A-7CDFB9F02461}"
EndProject
Global
	GlobalSection(SolutionConfigurationPlatforms) = preSolution
		Debug|Any CPU = Debug|Any CPU
		Release|Any CPU = Release|Any CPU
	EndGlobalSection
	GlobalSection(SolutionProperties) = preSolution
		HideSolutionNode = FALSE
	EndGlobalSection
	GlobalSection(ProjectConfigurationPlatforms) = postSolution
		{80C63489-DCA9-4F01-8F60-38D5C4300359}.Debug|Any CPU.ActiveCfg = Debug|Any CPU
		{80C63489-DCA9-4F01-8F60-38D5C4300359}.Debug|Any CPU.Build.0 = Debug|Any CPU
		{80C63489-DCA9-4F01-8F60-38D5C4300359}.Release|Any CPU.ActiveCfg = Release|Any CPU
		{80C63489-DCA9-4F01-8F60-38D5C4300359}.Release|Any CPU.Build.0 = Release|Any CPU
		{2BD6B8E7-94DF-4D4F-B47A-7CDFB9F02461}.Debug|Any CPU.ActiveCfg = Debug|Any CPU
		{2BD6B8E7-94DF-4D4F-B47A-7CDFB9F02461}.Debug|Any CPU.Build.0 = Debug|Any CPU
		{2BD6B8E7-94DF-4D4F-B47A-7CDFB9F02461}.Release|Any CPU.ActiveCfg = Release|Any CPU
		{2BD6B8E7-94DF-4D4F-B47A-7CDFB9F02461}.Release|Any CPU.Build.0 = Release|Any CPU
	EndGlobalSection
	GlobalSection(NestedProjects) = preSolution
		{80C63489-DCA9-4F01-8F60-38D5C4300359} = {116FD2A5-A9BB-429B-B1A4-EDE280B56AE3}
		{2BD6B8E7-94DF-4D4F-B47A-7CDFB9F02461} = {591EA886-7DA4-4C0A-A58E-40F1D9BE23BB}
	EndGlobalSection
EndGlobal
